
Microsoft Visual Studio Solution File, Format Version 12.00
# Visual Studio Version 16
VisualStudioVersion = 16.0.29806.167
MinimumVisualStudioVersion = 10.0.40219.1
Project("{9A19103F-16F7-4668-BE54-9A1E7A4F7556}") = "assignment_1_mocking_and_TDD", "assignment_1_mocking_and_TDD.csproj", "{64D98866-792C-4238-99F6-FDA04C447BA9}"
EndProject
Project("{FAE04EC0-301F-11D3-BF4B-00C04F79EFBC}") = "assignment_1_mocking_and_TDDTests", "..\assignment_1_mocking_and_TDDTests\assignment_1_mocking_and_TDDTests.csproj", "{51D323C9-376D-4711-99FE-4C8CA5C92722}"
EndProject
Global
	GlobalSection(SolutionConfigurationPlatforms) = preSolution
		Debug|Any CPU = Debug|Any CPU
		Release|Any CPU = Release|Any CPU
	EndGlobalSection
	GlobalSection(ProjectConfigurationPlatforms) = postSolution
		{64D98866-792C-4238-99F6-FDA04C447BA9}.Debug|Any CPU.ActiveCfg = Debug|Any CPU
		{64D98866-792C-4238-99F6-FDA04C447BA9}.Debug|Any CPU.Build.0 = Debug|Any CPU
		{64D98866-792C-4238-99F6-FDA04C447BA9}.Release|Any CPU.ActiveCfg = Release|Any CPU
		{64D98866-792C-4238-99F6-FDA04C447BA9}.Release|Any CPU.Build.0 = Release|Any CPU
		{51D323C9-376D-4711-99FE-4C8CA5C92722}.Debug|Any CPU.ActiveCfg = Debug|Any CPU
		{51D323C9-376D-4711-99FE-4C8CA5C92722}.Debug|Any CPU.Build.0 = Debug|Any CPU
		{51D323C9-376D-4711-99FE-4C8CA5C92722}.Release|Any CPU.ActiveCfg = Release|Any CPU
		{51D323C9-376D-4711-99FE-4C8CA5C92722}.Release|Any CPU.Build.0 = Release|Any CPU
	EndGlobalSection
	GlobalSection(SolutionProperties) = preSolution
		HideSolutionNode = FALSE
	EndGlobalSection
	GlobalSection(ExtensibilityGlobals) = postSolution
		SolutionGuid = {0078B310-681B-43FC-8B20-EEC40F708BF2}
	EndGlobalSection
EndGlobal
